
Microsoft Visual Studio Solution File, Format Version 12.00
# Visual Studio Express 2013 for Windows Desktop
VisualStudioVersion = 12.0.21005.1
MinimumVisualStudioVersion = 10.0.40219.1
Project("{FAE04EC0-301F-11D3-BF4B-00C04F79EFBC}") = "01.SumOf3Numbers", "01.SumOf3Numbers\01.SumOf3Numbers.csproj", "{FDF48C4E-C5EB-4801-BA1F-147BC402872E}"
EndProject
Project("{FAE04EC0-301F-11D3-BF4B-00C04F79EFBC}") = "02.PrintCompanyInformation", "02.PrintCompanyInformation\02.PrintCompanyInformation.csproj", "{068BCF3A-9469-4858-B40F-2A831D5633D5}"
EndProject
Project("{FAE04EC0-301F-11D3-BF4B-00C04F79EFBC}") = "03.CirclePerimeterAndArea", "03.CirclePerimeterAndArea\03.CirclePerimeterAndArea.csproj", "{896A57D9-4EBF-44EB-987D-7868DBFDD5F9}"
EndProject
Project("{FAE04EC0-301F-11D3-BF4B-00C04F79EFBC}") = "04.NumberComparer", "04.NumberComparer\04.NumberComparer.csproj", "{0EE36325-A737-471A-89E3-50B555B5CAA1}"
EndProject
Project("{FAE04EC0-301F-11D3-BF4B-00C04F79EFBC}") = "05.FormattingNumbers", "05.FormattingNumbers\05.FormattingNumbers.csproj", "{67678E91-C366-4F00-BAC8-9043A3EC0DE7}"
EndProject
Global
	GlobalSection(SolutionConfigurationPlatforms) = preSolution
		Debug|Any CPU = Debug|Any CPU
		Release|Any CPU = Release|Any CPU
	EndGlobalSection
	GlobalSection(ProjectConfigurationPlatforms) = postSolution
		{FDF48C4E-C5EB-4801-BA1F-147BC402872E}.Debug|Any CPU.ActiveCfg = Debug|Any CPU
		{FDF48C4E-C5EB-4801-BA1F-147BC402872E}.Debug|Any CPU.Build.0 = Debug|Any CPU
		{FDF48C4E-C5EB-4801-BA1F-147BC402872E}.Release|Any CPU.ActiveCfg = Release|Any CPU
		{FDF48C4E-C5EB-4801-BA1F-147BC402872E}.Release|Any CPU.Build.0 = Release|Any CPU
		{068BCF3A-9469-4858-B40F-2A831D5633D5}.Debug|Any CPU.ActiveCfg = Debug|Any CPU
		{068BCF3A-9469-4858-B40F-2A831D5633D5}.Debug|Any CPU.Build.0 = Debug|Any CPU
		{068BCF3A-9469-4858-B40F-2A831D5633D5}.Release|Any CPU.ActiveCfg = Release|Any CPU
		{068BCF3A-9469-4858-B40F-2A831D5633D5}.Release|Any CPU.Build.0 = Release|Any CPU
		{896A57D9-4EBF-44EB-987D-7868DBFDD5F9}.Debug|Any CPU.ActiveCfg = Debug|Any CPU
		{896A57D9-4EBF-44EB-987D-7868DBFDD5F9}.Debug|Any CPU.Build.0 = Debug|Any CPU
		{896A57D9-4EBF-44EB-987D-7868DBFDD5F9}.Release|Any CPU.ActiveCfg = Release|Any CPU
		{896A57D9-4EBF-44EB-987D-7868DBFDD5F9}.Release|Any CPU.Build.0 = Release|Any CPU
		{0EE36325-A737-471A-89E3-50B555B5CAA1}.Debug|Any CPU.ActiveCfg = Debug|Any CPU
		{0EE36325-A737-471A-89E3-50B555B5CAA1}.Debug|Any CPU.Build.0 = Debug|Any CPU
		{0EE36325-A737-471A-89E3-50B555B5CAA1}.Release|Any CPU.ActiveCfg = Release|Any CPU
		{0EE36325-A737-471A-89E3-50B555B5CAA1}.Release|Any CPU.Build.0 = Release|Any CPU
		{67678E91-C366-4F00-BAC8-9043A3EC0DE7}.Debug|Any CPU.ActiveCfg = Debug|Any CPU
		{67678E91-C366-4F00-BAC8-9043A3EC0DE7}.Debug|Any CPU.Build.0 = Debug|Any CPU
		{67678E91-C366-4F00-BAC8-9043A3EC0DE7}.Release|Any CPU.ActiveCfg = Release|Any CPU
		{67678E91-C366-4F00-BAC8-9043A3EC0DE7}.Release|Any CPU.Build.0 = Release|Any CPU
	EndGlobalSection
	GlobalSection(SolutionProperties) = preSolution
		HideSolutionNode = FALSE
	EndGlobalSection
EndGlobal
