
Microsoft Visual Studio Solution File, Format Version 12.00
# Visual Studio Express 2013 for Windows Desktop
VisualStudioVersion = 12.0.21005.1
MinimumVisualStudioVersion = 10.0.40219.1
Project("{FAE04EC0-301F-11D3-BF4B-00C04F79EFBC}") = "01.SumOf3Numbers", "01.SumOf3Numbers\01.SumOf3Numbers.csproj", "{FDF48C4E-C5EB-4801-BA1F-147BC402872E}"
EndProject
Project("{FAE04EC0-301F-11D3-BF4B-00C04F79EFBC}") = "02.PrintCompanyInformation", "02.PrintCompanyInformation\02.PrintCompanyInformation.csproj", "{068BCF3A-9469-4858-B40F-2A831D5633D5}"
EndProject
Project("{FAE04EC0-301F-11D3-BF4B-00C04F79EFBC}") = "03.CirclePerimeterAndArea", "03.CirclePerimeterAndArea\03.CirclePerimeterAndArea.csproj", "{896A57D9-4EBF-44EB-987D-7868DBFDD5F9}"
EndProject
Project("{FAE04EC0-301F-11D3-BF4B-00C04F79EFBC}") = "04.NumberComparer", "04.NumberComparer\04.NumberComparer.csproj", "{0EE36325-A737-471A-89E3-50B555B5CAA1}"
EndProject
Project("{FAE04EC0-301F-11D3-BF4B-00C04F79EFBC}") = "05.FormattingNumbers", "05.FormattingNumbers\05.FormattingNumbers.csproj", "{67678E91-C366-4F00-BAC8-9043A3EC0DE7}"
EndProject
Project("{FAE04EC0-301F-11D3-BF4B-00C04F79EFBC}") = "06.QuadraticEquation", "06.QuadraticEquation\06.QuadraticEquation.csproj", "{F332065C-FCFE-42AB-BA56-CB2380C57253}"
EndProject
Project("{FAE04EC0-301F-11D3-BF4B-00C04F79EFBC}") = "07.SumOf5Numbers", "07.SumOf5Numbers\07.SumOf5Numbers.csproj", "{9BFF6D79-866E-49FF-89E8-A6F943B584F2}"
EndProject
Project("{FAE04EC0-301F-11D3-BF4B-00C04F79EFBC}") = "08.NumbersFrom1ToN", "08.NumbersFrom1ToN\08.NumbersFrom1ToN.csproj", "{489E136C-22FE-430A-AACA-DBD48E3D4B27}"
EndProject
Project("{FAE04EC0-301F-11D3-BF4B-00C04F79EFBC}") = "09.SumOfnNumbers", "09.SumOfnNumbers\09.SumOfnNumbers.csproj", "{D3A4510A-B864-4509-A383-DD657D0B01EA}"
EndProject
Project("{FAE04EC0-301F-11D3-BF4B-00C04F79EFBC}") = "10.FibonacciNumbers", "10.FibonacciNumbers\10.FibonacciNumbers.csproj", "{99C76086-31CB-4D53-8C7C-998092AE1F8B}"
EndProject
Project("{FAE04EC0-301F-11D3-BF4B-00C04F79EFBC}") = "11.NumbersDividableInInterval", "11.NumbersDividableInInterval\11.NumbersDividableInInterval.csproj", "{56E5AF02-07AD-402C-8738-8AAB9395400B}"
EndProject
Project("{FAE04EC0-301F-11D3-BF4B-00C04F79EFBC}") = "12.FallingRocks", "12.FallingRocks\12.FallingRocks.csproj", "{8DC04AF1-E024-40F0-9147-AEEB6296A559}"
EndProject
Global
	GlobalSection(SolutionConfigurationPlatforms) = preSolution
		Debug|Any CPU = Debug|Any CPU
		Release|Any CPU = Release|Any CPU
	EndGlobalSection
	GlobalSection(ProjectConfigurationPlatforms) = postSolution
		{FDF48C4E-C5EB-4801-BA1F-147BC402872E}.Debug|Any CPU.ActiveCfg = Debug|Any CPU
		{FDF48C4E-C5EB-4801-BA1F-147BC402872E}.Debug|Any CPU.Build.0 = Debug|Any CPU
		{FDF48C4E-C5EB-4801-BA1F-147BC402872E}.Release|Any CPU.ActiveCfg = Release|Any CPU
		{FDF48C4E-C5EB-4801-BA1F-147BC402872E}.Release|Any CPU.Build.0 = Release|Any CPU
		{068BCF3A-9469-4858-B40F-2A831D5633D5}.Debug|Any CPU.ActiveCfg = Debug|Any CPU
		{068BCF3A-9469-4858-B40F-2A831D5633D5}.Debug|Any CPU.Build.0 = Debug|Any CPU
		{068BCF3A-9469-4858-B40F-2A831D5633D5}.Release|Any CPU.ActiveCfg = Release|Any CPU
		{068BCF3A-9469-4858-B40F-2A831D5633D5}.Release|Any CPU.Build.0 = Release|Any CPU
		{896A57D9-4EBF-44EB-987D-7868DBFDD5F9}.Debug|Any CPU.ActiveCfg = Debug|Any CPU
		{896A57D9-4EBF-44EB-987D-7868DBFDD5F9}.Debug|Any CPU.Build.0 = Debug|Any CPU
		{896A57D9-4EBF-44EB-987D-7868DBFDD5F9}.Release|Any CPU.ActiveCfg = Release|Any CPU
		{896A57D9-4EBF-44EB-987D-7868DBFDD5F9}.Release|Any CPU.Build.0 = Release|Any CPU
		{0EE36325-A737-471A-89E3-50B555B5CAA1}.Debug|Any CPU.ActiveCfg = Debug|Any CPU
		{0EE36325-A737-471A-89E3-50B555B5CAA1}.Debug|Any CPU.Build.0 = Debug|Any CPU
		{0EE36325-A737-471A-89E3-50B555B5CAA1}.Release|Any CPU.ActiveCfg = Release|Any CPU
		{0EE36325-A737-471A-89E3-50B555B5CAA1}.Release|Any CPU.Build.0 = Release|Any CPU
		{67678E91-C366-4F00-BAC8-9043A3EC0DE7}.Debug|Any CPU.ActiveCfg = Debug|Any CPU
		{67678E91-C366-4F00-BAC8-9043A3EC0DE7}.Debug|Any CPU.Build.0 = Debug|Any CPU
		{67678E91-C366-4F00-BAC8-9043A3EC0DE7}.Release|Any CPU.ActiveCfg = Release|Any CPU
		{67678E91-C366-4F00-BAC8-9043A3EC0DE7}.Release|Any CPU.Build.0 = Release|Any CPU
		{F332065C-FCFE-42AB-BA56-CB2380C57253}.Debug|Any CPU.ActiveCfg = Debug|Any CPU
		{F332065C-FCFE-42AB-BA56-CB2380C57253}.Debug|Any CPU.Build.0 = Debug|Any CPU
		{F332065C-FCFE-42AB-BA56-CB2380C57253}.Release|Any CPU.ActiveCfg = Release|Any CPU
		{F332065C-FCFE-42AB-BA56-CB2380C57253}.Release|Any CPU.Build.0 = Release|Any CPU
		{9BFF6D79-866E-49FF-89E8-A6F943B584F2}.Debug|Any CPU.ActiveCfg = Debug|Any CPU
		{9BFF6D79-866E-49FF-89E8-A6F943B584F2}.Debug|Any CPU.Build.0 = Debug|Any CPU
		{9BFF6D79-866E-49FF-89E8-A6F943B584F2}.Release|Any CPU.ActiveCfg = Release|Any CPU
		{9BFF6D79-866E-49FF-89E8-A6F943B584F2}.Release|Any CPU.Build.0 = Release|Any CPU
		{489E136C-22FE-430A-AACA-DBD48E3D4B27}.Debug|Any CPU.ActiveCfg = Debug|Any CPU
		{489E136C-22FE-430A-AACA-DBD48E3D4B27}.Debug|Any CPU.Build.0 = Debug|Any CPU
		{489E136C-22FE-430A-AACA-DBD48E3D4B27}.Release|Any CPU.ActiveCfg = Release|Any CPU
		{489E136C-22FE-430A-AACA-DBD48E3D4B27}.Release|Any CPU.Build.0 = Release|Any CPU
		{D3A4510A-B864-4509-A383-DD657D0B01EA}.Debug|Any CPU.ActiveCfg = Debug|Any CPU
		{D3A4510A-B864-4509-A383-DD657D0B01EA}.Debug|Any CPU.Build.0 = Debug|Any CPU
		{D3A4510A-B864-4509-A383-DD657D0B01EA}.Release|Any CPU.ActiveCfg = Release|Any CPU
		{D3A4510A-B864-4509-A383-DD657D0B01EA}.Release|Any CPU.Build.0 = Release|Any CPU
		{99C76086-31CB-4D53-8C7C-998092AE1F8B}.Debug|Any CPU.ActiveCfg = Debug|Any CPU
		{99C76086-31CB-4D53-8C7C-998092AE1F8B}.Debug|Any CPU.Build.0 = Debug|Any CPU
		{99C76086-31CB-4D53-8C7C-998092AE1F8B}.Release|Any CPU.ActiveCfg = Release|Any CPU
		{99C76086-31CB-4D53-8C7C-998092AE1F8B}.Release|Any CPU.Build.0 = Release|Any CPU
		{56E5AF02-07AD-402C-8738-8AAB9395400B}.Debug|Any CPU.ActiveCfg = Debug|Any CPU
		{56E5AF02-07AD-402C-8738-8AAB9395400B}.Debug|Any CPU.Build.0 = Debug|Any CPU
		{56E5AF02-07AD-402C-8738-8AAB9395400B}.Release|Any CPU.ActiveCfg = Release|Any CPU
		{56E5AF02-07AD-402C-8738-8AAB9395400B}.Release|Any CPU.Build.0 = Release|Any CPU
		{8DC04AF1-E024-40F0-9147-AEEB6296A559}.Debug|Any CPU.ActiveCfg = Debug|Any CPU
		{8DC04AF1-E024-40F0-9147-AEEB6296A559}.Debug|Any CPU.Build.0 = Debug|Any CPU
		{8DC04AF1-E024-40F0-9147-AEEB6296A559}.Release|Any CPU.ActiveCfg = Release|Any CPU
		{8DC04AF1-E024-40F0-9147-AEEB6296A559}.Release|Any CPU.Build.0 = Release|Any CPU
	EndGlobalSection
	GlobalSection(SolutionProperties) = preSolution
		HideSolutionNode = FALSE
	EndGlobalSection
EndGlobal
